NeoBundleLock YouCompleteMe 1e38a2bfc530c632bafca4c35a65a8a27314c184
NeoBundleLock colorizer 9d6dc32e6ec17615f9c0b286a989931db0f67542
NeoBundleLock neobundle.vim c6fa48cd665071b7a4dbf5ab53f48cd5884716ee
NeoBundleLock nerdtree e2a9929bbea0ec2050f2ea44b7e7bae3ccac66e6
NeoBundleLock vim-airline e03afa1733c6296774ca95ef981bd8fd39bb1151
NeoBundleLock vim-airline-themes 5d75d76ca2e17edd68f89ac4f547009d477570c6
